
Microsoft Visual Studio Solution File, Format Version 12.00
# Visual Studio Version 18
VisualStudioVersion = 18.5.11723.231
MinimumVisualStudioVersion = 10.0.40219.1
Project("{FAE04EC0-301F-11D3-BF4B-00C04F79EFBC}") = "FluxMq.Core", "src\FluxMq.Core\FluxMq.Core.csproj", "{12DEA574-1121-4EDE-AB8A-00188C07A279}"
EndProject
Project("{FAE04EC0-301F-11D3-BF4B-00C04F79EFBC}") = "FluxMq.Pipeline", "src\FluxMq.Pipeline\FluxMq.Pipeline.csproj", "{6FADB484-C1B0-4E3E-8885-4713E5F17F14}"
EndProject
Project("{FAE04EC0-301F-11D3-BF4B-00C04F79EFBC}") = "FluxMq.Storage", "src\FluxMq.Storage\FluxMq.Storage.csproj", "{58FD2BE5-A286-4848-8C85-D3BEDC1ADCBE}"
EndProject
Project("{FAE04EC0-301F-11D3-BF4B-00C04F79EFBC}") = "FluxMq.UI", "src\FluxMq.UI\FluxMq.UI.csproj", "{83A94D90-A471-47E6-940B-5B6357DFE399}"
EndProject
Project("{FAE04EC0-301F-11D3-BF4B-00C04F79EFBC}") = "FluxMq.Core.Tests", "tests\FluxMq.Core.Tests\FluxMq.Core.Tests.csproj", "{01B3BBA3-9FB8-469E-AA8E-DBC5573820B8}"
EndProject
Project("{FAE04EC0-301F-11D3-BF4B-00C04F79EFBC}") = "FluxMq.Pipeline.Tests", "tests\FluxMq.Pipeline.Tests\FluxMq.Pipeline.Tests.csproj", "{35CB4DD1-8274-447C-932E-5B797A101811}"
EndProject
Project("{FAE04EC0-301F-11D3-BF4B-00C04F79EFBC}") = "FluxMq.Storage.Tests", "tests\FluxMq.Storage.Tests\FluxMq.Storage.Tests.csproj", "{DD5007DF-355F-4107-A0E4-CF311872F2E6}"
EndProject
Project("{2150E333-8FDC-42A3-9474-1A3956D46DE8}") = "src", "src", "{827E0CD3-B72D-47B6-A68D-7590B98EB39B}"
EndProject
Project("{FAE04EC0-301F-11D3-BF4B-00C04F79EFBC}") = "FluxMq.Replay", "src\FluxMq.Replay\FluxMq.Replay.csproj", "{938015D0-0597-4021-A649-755374A4CA6F}"
EndProject
Project("{2150E333-8FDC-42A3-9474-1A3956D46DE8}") = "tests", "tests", "{0AB3BF05-4346-4AA6-1389-037BE0695223}"
EndProject
Project("{FAE04EC0-301F-11D3-BF4B-00C04F79EFBC}") = "FluxMq.Replay.Tests", "tests\FluxMq.Replay.Tests\FluxMq.Replay.Tests.csproj", "{69BE7E73-7648-460A-BC97-D5C5436AE3D0}"
EndProject
Project("{FAE04EC0-301F-11D3-BF4B-00C04F79EFBC}") = "FluxMq.App", "src\FluxMq.App\FluxMq.App.csproj", "{D590256F-51BF-4A03-B785-511C9F45FE5C}"
EndProject
Project("{FAE04EC0-301F-11D3-BF4B-00C04F79EFBC}") = "FluxMq.App.Tests", "tests\FluxMq.App.Tests\FluxMq.App.Tests.csproj", "{ED34C019-303C-49AC-B7BA-61489FD39832}"
EndProject
Project("{FAE04EC0-301F-11D3-BF4B-00C04F79EFBC}") = "FluxMq.Cli", "src\FluxMq.Cli\FluxMq.Cli.csproj", "{33C37751-334D-4270-B687-F5960A4C4E9D}"
EndProject
Project("{FAE04EC0-301F-11D3-BF4B-00C04F79EFBC}") = "FluxMq.Cli.Tests", "tests\FluxMq.Cli.Tests\FluxMq.Cli.Tests.csproj", "{93AEADA7-FD12-44F4-BBE7-A950E38BDCE8}"
EndProject
Project("{FAE04EC0-301F-11D3-BF4B-00C04F79EFBC}") = "FluxMq.UI.Tests", "tests\FluxMq.UI.Tests\FluxMq.UI.Tests.csproj", "{86964105-05B5-4A4F-AC6F-E98219FFBA3F}"
EndProject
Global
	GlobalSection(SolutionConfigurationPlatforms) = preSolution
		Debug|Any CPU = Debug|Any CPU
		Debug|x64 = Debug|x64
		Debug|x86 = Debug|x86
		Release|Any CPU = Release|Any CPU
		Release|x64 = Release|x64
		Release|x86 = Release|x86
	EndGlobalSection
	GlobalSection(ProjectConfigurationPlatforms) = postSolution
		{12DEA574-1121-4EDE-AB8A-00188C07A279}.Debug|Any CPU.ActiveCfg = Debug|Any CPU
		{12DEA574-1121-4EDE-AB8A-00188C07A279}.Debug|Any CPU.Build.0 = Debug|Any CPU
		{12DEA574-1121-4EDE-AB8A-00188C07A279}.Debug|x64.ActiveCfg = Debug|Any CPU
		{12DEA574-1121-4EDE-AB8A-00188C07A279}.Debug|x64.Build.0 = Debug|Any CPU
		{12DEA574-1121-4EDE-AB8A-00188C07A279}.Debug|x86.ActiveCfg = Debug|Any CPU
		{12DEA574-1121-4EDE-AB8A-00188C07A279}.Debug|x86.Build.0 = Debug|Any CPU
		{12DEA574-1121-4EDE-AB8A-00188C07A279}.Release|Any CPU.ActiveCfg = Release|Any CPU
		{12DEA574-1121-4EDE-AB8A-00188C07A279}.Release|Any CPU.Build.0 = Release|Any CPU
		{12DEA574-1121-4EDE-AB8A-00188C07A279}.Release|x64.ActiveCfg = Release|Any CPU
		{12DEA574-1121-4EDE-AB8A-00188C07A279}.Release|x64.Build.0 = Release|Any CPU
		{12DEA574-1121-4EDE-AB8A-00188C07A279}.Release|x86.ActiveCfg = Release|Any CPU
		{12DEA574-1121-4EDE-AB8A-00188C07A279}.Release|x86.Build.0 = Release|Any CPU
		{6FADB484-C1B0-4E3E-8885-4713E5F17F14}.Debug|Any CPU.ActiveCfg = Debug|Any CPU
		{6FADB484-C1B0-4E3E-8885-4713E5F17F14}.Debug|Any CPU.Build.0 = Debug|Any CPU
		{6FADB484-C1B0-4E3E-8885-4713E5F17F14}.Debug|x64.ActiveCfg = Debug|Any CPU
		{6FADB484-C1B0-4E3E-8885-4713E5F17F14}.Debug|x64.Build.0 = Debug|Any CPU
		{6FADB484-C1B0-4E3E-8885-4713E5F17F14}.Debug|x86.ActiveCfg = Debug|Any CPU
		{6FADB484-C1B0-4E3E-8885-4713E5F17F14}.Debug|x86.Build.0 = Debug|Any CPU
		{6FADB484-C1B0-4E3E-8885-4713E5F17F14}.Release|Any CPU.ActiveCfg = Release|Any CPU
		{6FADB484-C1B0-4E3E-8885-4713E5F17F14}.Release|Any CPU.Build.0 = Release|Any CPU
		{6FADB484-C1B0-4E3E-8885-4713E5F17F14}.Release|x64.ActiveCfg = Release|Any CPU
		{6FADB484-C1B0-4E3E-8885-4713E5F17F14}.Release|x64.Build.0 = Release|Any CPU
		{6FADB484-C1B0-4E3E-8885-4713E5F17F14}.Release|x86.ActiveCfg = Release|Any CPU
		{6FADB484-C1B0-4E3E-8885-4713E5F17F14}.Release|x86.Build.0 = Release|Any CPU
		{58FD2BE5-A286-4848-8C85-D3BEDC1ADCBE}.Debug|Any CPU.ActiveCfg = Debug|Any CPU
		{58FD2BE5-A286-4848-8C85-D3BEDC1ADCBE}.Debug|Any CPU.Build.0 = Debug|Any CPU
		{58FD2BE5-A286-4848-8C85-D3BEDC1ADCBE}.Debug|x64.ActiveCfg = Debug|Any CPU
		{58FD2BE5-A286-4848-8C85-D3BEDC1ADCBE}.Debug|x64.Build.0 = Debug|Any CPU
		{58FD2BE5-A286-4848-8C85-D3BEDC1ADCBE}.Debug|x86.ActiveCfg = Debug|Any CPU
		{58FD2BE5-A286-4848-8C85-D3BEDC1ADCBE}.Debug|x86.Build.0 = Debug|Any CPU
		{58FD2BE5-A286-4848-8C85-D3BEDC1ADCBE}.Release|Any CPU.ActiveCfg = Release|Any CPU
		{58FD2BE5-A286-4848-8C85-D3BEDC1ADCBE}.Release|Any CPU.Build.0 = Release|Any CPU
		{58FD2BE5-A286-4848-8C85-D3BEDC1ADCBE}.Release|x64.ActiveCfg = Release|Any CPU
		{58FD2BE5-A286-4848-8C85-D3BEDC1ADCBE}.Release|x64.Build.0 = Release|Any CPU
		{58FD2BE5-A286-4848-8C85-D3BEDC1ADCBE}.Release|x86.ActiveCfg = Release|Any CPU
		{58FD2BE5-A286-4848-8C85-D3BEDC1ADCBE}.Release|x86.Build.0 = Release|Any CPU
		{83A94D90-A471-47E6-940B-5B6357DFE399}.Debug|Any CPU.ActiveCfg = Debug|Any CPU
		{83A94D90-A471-47E6-940B-5B6357DFE399}.Debug|Any CPU.Build.0 = Debug|Any CPU
		{83A94D90-A471-47E6-940B-5B6357DFE399}.Debug|x64.ActiveCfg = Debug|Any CPU
		{83A94D90-A471-47E6-940B-5B6357DFE399}.Debug|x64.Build.0 = Debug|Any CPU
		{83A94D90-A471-47E6-940B-5B6357DFE399}.Debug|x86.ActiveCfg = Debug|Any CPU
		{83A94D90-A471-47E6-940B-5B6357DFE399}.Debug|x86.Build.0 = Debug|Any CPU
		{83A94D90-A471-47E6-940B-5B6357DFE399}.Release|Any CPU.ActiveCfg = Release|Any CPU
		{83A94D90-A471-47E6-940B-5B6357DFE399}.Release|Any CPU.Build.0 = Release|Any CPU
		{83A94D90-A471-47E6-940B-5B6357DFE399}.Release|x64.ActiveCfg = Release|Any CPU
		{83A94D90-A471-47E6-940B-5B6357DFE399}.Release|x64.Build.0 = Release|Any CPU
		{83A94D90-A471-47E6-940B-5B6357DFE399}.Release|x86.ActiveCfg = Release|Any CPU
		{83A94D90-A471-47E6-940B-5B6357DFE399}.Release|x86.Build.0 = Release|Any CPU
		{01B3BBA3-9FB8-469E-AA8E-DBC5573820B8}.Debug|Any CPU.ActiveCfg = Debug|Any CPU
		{01B3BBA3-9FB8-469E-AA8E-DBC5573820B8}.Debug|Any CPU.Build.0 = Debug|Any CPU
		{01B3BBA3-9FB8-469E-AA8E-DBC5573820B8}.Debug|x64.ActiveCfg = Debug|Any CPU
		{01B3BBA3-9FB8-469E-AA8E-DBC5573820B8}.Debug|x64.Build.0 = Debug|Any CPU
		{01B3BBA3-9FB8-469E-AA8E-DBC5573820B8}.Debug|x86.ActiveCfg = Debug|Any CPU
		{01B3BBA3-9FB8-469E-AA8E-DBC5573820B8}.Debug|x86.Build.0 = Debug|Any CPU
		{01B3BBA3-9FB8-469E-AA8E-DBC5573820B8}.Release|Any CPU.ActiveCfg = Release|Any CPU
		{01B3BBA3-9FB8-469E-AA8E-DBC5573820B8}.Release|Any CPU.Build.0 = Release|Any CPU
		{01B3BBA3-9FB8-469E-AA8E-DBC5573820B8}.Release|x64.ActiveCfg = Release|Any CPU
		{01B3BBA3-9FB8-469E-AA8E-DBC5573820B8}.Release|x64.Build.0 = Release|Any CPU
		{01B3BBA3-9FB8-469E-AA8E-DBC5573820B8}.Release|x86.ActiveCfg = Release|Any CPU
		{01B3BBA3-9FB8-469E-AA8E-DBC5573820B8}.Release|x86.Build.0 = Release|Any CPU
		{35CB4DD1-8274-447C-932E-5B797A101811}.Debug|Any CPU.ActiveCfg = Debug|Any CPU
		{35CB4DD1-8274-447C-932E-5B797A101811}.Debug|Any CPU.Build.0 = Debug|Any CPU
		{35CB4DD1-8274-447C-932E-5B797A101811}.Debug|x64.ActiveCfg = Debug|Any CPU
		{35CB4DD1-8274-447C-932E-5B797A101811}.Debug|x64.Build.0 = Debug|Any CPU
		{35CB4DD1-8274-447C-932E-5B797A101811}.Debug|x86.ActiveCfg = Debug|Any CPU
		{35CB4DD1-8274-447C-932E-5B797A101811}.Debug|x86.Build.0 = Debug|Any CPU
		{35CB4DD1-8274-447C-932E-5B797A101811}.Release|Any CPU.ActiveCfg = Release|Any CPU
		{35CB4DD1-8274-447C-932E-5B797A101811}.Release|Any CPU.Build.0 = Release|Any CPU
		{35CB4DD1-8274-447C-932E-5B797A101811}.Release|x64.ActiveCfg = Release|Any CPU
		{35CB4DD1-8274-447C-932E-5B797A101811}.Release|x64.Build.0 = Release|Any CPU
		{35CB4DD1-8274-447C-932E-5B797A101811}.Release|x86.ActiveCfg = Release|Any CPU
		{35CB4DD1-8274-447C-932E-5B797A101811}.Release|x86.Build.0 = Release|Any CPU
		{DD5007DF-355F-4107-A0E4-CF311872F2E6}.Debug|Any CPU.ActiveCfg = Debug|Any CPU
		{DD5007DF-355F-4107-A0E4-CF311872F2E6}.Debug|Any CPU.Build.0 = Debug|Any CPU
		{DD5007DF-355F-4107-A0E4-CF311872F2E6}.Debug|x64.ActiveCfg = Debug|Any CPU
		{DD5007DF-355F-4107-A0E4-CF311872F2E6}.Debug|x64.Build.0 = Debug|Any CPU
		{DD5007DF-355F-4107-A0E4-CF311872F2E6}.Debug|x86.ActiveCfg = Debug|Any CPU
		{DD5007DF-355F-4107-A0E4-CF311872F2E6}.Debug|x86.Build.0 = Debug|Any CPU
		{DD5007DF-355F-4107-A0E4-CF311872F2E6}.Release|Any CPU.ActiveCfg = Release|Any CPU
		{DD5007DF-355F-4107-A0E4-CF311872F2E6}.Release|Any CPU.Build.0 = Release|Any CPU
		{DD5007DF-355F-4107-A0E4-CF311872F2E6}.Release|x64.ActiveCfg = Release|Any CPU
		{DD5007DF-355F-4107-A0E4-CF311872F2E6}.Release|x64.Build.0 = Release|Any CPU
		{DD5007DF-355F-4107-A0E4-CF311872F2E6}.Release|x86.ActiveCfg = Release|Any CPU
		{DD5007DF-355F-4107-A0E4-CF311872F2E6}.Release|x86.Build.0 = Release|Any CPU
		{938015D0-0597-4021-A649-755374A4CA6F}.Debug|Any CPU.ActiveCfg = Debug|Any CPU
		{938015D0-0597-4021-A649-755374A4CA6F}.Debug|Any CPU.Build.0 = Debug|Any CPU
		{938015D0-0597-4021-A649-755374A4CA6F}.Debug|x64.ActiveCfg = Debug|Any CPU
		{938015D0-0597-4021-A649-755374A4CA6F}.Debug|x64.Build.0 = Debug|Any CPU
		{938015D0-0597-4021-A649-755374A4CA6F}.Debug|x86.ActiveCfg = Debug|Any CPU
		{938015D0-0597-4021-A649-755374A4CA6F}.Debug|x86.Build.0 = Debug|Any CPU
		{938015D0-0597-4021-A649-755374A4CA6F}.Release|Any CPU.ActiveCfg = Release|Any CPU
		{938015D0-0597-4021-A649-755374A4CA6F}.Release|Any CPU.Build.0 = Release|Any CPU
		{938015D0-0597-4021-A649-755374A4CA6F}.Release|x64.ActiveCfg = Release|Any CPU
		{938015D0-0597-4021-A649-755374A4CA6F}.Release|x64.Build.0 = Release|Any CPU
		{938015D0-0597-4021-A649-755374A4CA6F}.Release|x86.ActiveCfg = Release|Any CPU
		{938015D0-0597-4021-A649-755374A4CA6F}.Release|x86.Build.0 = Release|Any CPU
		{69BE7E73-7648-460A-BC97-D5C5436AE3D0}.Debug|Any CPU.ActiveCfg = Debug|Any CPU
		{69BE7E73-7648-460A-BC97-D5C5436AE3D0}.Debug|Any CPU.Build.0 = Debug|Any CPU
		{69BE7E73-7648-460A-BC97-D5C5436AE3D0}.Debug|x64.ActiveCfg = Debug|Any CPU
		{69BE7E73-7648-460A-BC97-D5C5436AE3D0}.Debug|x64.Build.0 = Debug|Any CPU
		{69BE7E73-7648-460A-BC97-D5C5436AE3D0}.Debug|x86.ActiveCfg = Debug|Any CPU
		{69BE7E73-7648-460A-BC97-D5C5436AE3D0}.Debug|x86.Build.0 = Debug|Any CPU
		{69BE7E73-7648-460A-BC97-D5C5436AE3D0}.Release|Any CPU.ActiveCfg = Release|Any CPU
		{69BE7E73-7648-460A-BC97-D5C5436AE3D0}.Release|Any CPU.Build.0 = Release|Any CPU
		{69BE7E73-7648-460A-BC97-D5C5436AE3D0}.Release|x64.ActiveCfg = Release|Any CPU
		{69BE7E73-7648-460A-BC97-D5C5436AE3D0}.Release|x64.Build.0 = Release|Any CPU
		{69BE7E73-7648-460A-BC97-D5C5436AE3D0}.Release|x86.ActiveCfg = Release|Any CPU
		{69BE7E73-7648-460A-BC97-D5C5436AE3D0}.Release|x86.Build.0 = Release|Any CPU
		{D590256F-51BF-4A03-B785-511C9F45FE5C}.Debug|Any CPU.ActiveCfg = Debug|Any CPU
		{D590256F-51BF-4A03-B785-511C9F45FE5C}.Debug|Any CPU.Build.0 = Debug|Any CPU
		{D590256F-51BF-4A03-B785-511C9F45FE5C}.Debug|x64.ActiveCfg = Debug|Any CPU
		{D590256F-51BF-4A03-B785-511C9F45FE5C}.Debug|x64.Build.0 = Debug|Any CPU
		{D590256F-51BF-4A03-B785-511C9F45FE5C}.Debug|x86.ActiveCfg = Debug|Any CPU
		{D590256F-51BF-4A03-B785-511C9F45FE5C}.Debug|x86.Build.0 = Debug|Any CPU
		{D590256F-51BF-4A03-B785-511C9F45FE5C}.Release|Any CPU.ActiveCfg = Release|Any CPU
		{D590256F-51BF-4A03-B785-511C9F45FE5C}.Release|Any CPU.Build.0 = Release|Any CPU
		{D590256F-51BF-4A03-B785-511C9F45FE5C}.Release|x64.ActiveCfg = Release|Any CPU
		{D590256F-51BF-4A03-B785-511C9F45FE5C}.Release|x64.Build.0 = Release|Any CPU
		{D590256F-51BF-4A03-B785-511C9F45FE5C}.Release|x86.ActiveCfg = Release|Any CPU
		{D590256F-51BF-4A03-B785-511C9F45FE5C}.Release|x86.Build.0 = Release|Any CPU
		{ED34C019-303C-49AC-B7BA-61489FD39832}.Debug|Any CPU.ActiveCfg = Debug|Any CPU
		{ED34C019-303C-49AC-B7BA-61489FD39832}.Debug|Any CPU.Build.0 = Debug|Any CPU
		{ED34C019-303C-49AC-B7BA-61489FD39832}.Debug|x64.ActiveCfg = Debug|Any CPU
		{ED34C019-303C-49AC-B7BA-61489FD39832}.Debug|x64.Build.0 = Debug|Any CPU
		{ED34C019-303C-49AC-B7BA-61489FD39832}.Debug|x86.ActiveCfg = Debug|Any CPU
		{ED34C019-303C-49AC-B7BA-61489FD39832}.Debug|x86.Build.0 = Debug|Any CPU
		{ED34C019-303C-49AC-B7BA-61489FD39832}.Release|Any CPU.ActiveCfg = Release|Any CPU
		{ED34C019-303C-49AC-B7BA-61489FD39832}.Release|Any CPU.Build.0 = Release|Any CPU
		{ED34C019-303C-49AC-B7BA-61489FD39832}.Release|x64.ActiveCfg = Release|Any CPU
		{ED34C019-303C-49AC-B7BA-61489FD39832}.Release|x64.Build.0 = Release|Any CPU
		{ED34C019-303C-49AC-B7BA-61489FD39832}.Release|x86.ActiveCfg = Release|Any CPU
		{ED34C019-303C-49AC-B7BA-61489FD39832}.Release|x86.Build.0 = Release|Any CPU
		{33C37751-334D-4270-B687-F5960A4C4E9D}.Debug|Any CPU.ActiveCfg = Debug|Any CPU
		{33C37751-334D-4270-B687-F5960A4C4E9D}.Debug|Any CPU.Build.0 = Debug|Any CPU
		{33C37751-334D-4270-B687-F5960A4C4E9D}.Debug|x64.ActiveCfg = Debug|Any CPU
		{33C37751-334D-4270-B687-F5960A4C4E9D}.Debug|x64.Build.0 = Debug|Any CPU
		{33C37751-334D-4270-B687-F5960A4C4E9D}.Debug|x86.ActiveCfg = Debug|Any CPU
		{33C37751-334D-4270-B687-F5960A4C4E9D}.Debug|x86.Build.0 = Debug|Any CPU
		{33C37751-334D-4270-B687-F5960A4C4E9D}.Release|Any CPU.ActiveCfg = Release|Any CPU
		{33C37751-334D-4270-B687-F5960A4C4E9D}.Release|Any CPU.Build.0 = Release|Any CPU
		{33C37751-334D-4270-B687-F5960A4C4E9D}.Release|x64.ActiveCfg = Release|Any CPU
		{33C37751-334D-4270-B687-F5960A4C4E9D}.Release|x64.Build.0 = Release|Any CPU
		{33C37751-334D-4270-B687-F5960A4C4E9D}.Release|x86.ActiveCfg = Release|Any CPU
		{33C37751-334D-4270-B687-F5960A4C4E9D}.Release|x86.Build.0 = Release|Any CPU
		{93AEADA7-FD12-44F4-BBE7-A950E38BDCE8}.Debug|Any CPU.ActiveCfg = Debug|Any CPU
		{93AEADA7-FD12-44F4-BBE7-A950E38BDCE8}.Debug|Any CPU.Build.0 = Debug|Any CPU
		{93AEADA7-FD12-44F4-BBE7-A950E38BDCE8}.Debug|x64.ActiveCfg = Debug|Any CPU
		{93AEADA7-FD12-44F4-BBE7-A950E38BDCE8}.Debug|x64.Build.0 = Debug|Any CPU
		{93AEADA7-FD12-44F4-BBE7-A950E38BDCE8}.Debug|x86.ActiveCfg = Debug|Any CPU
		{93AEADA7-FD12-44F4-BBE7-A950E38BDCE8}.Debug|x86.Build.0 = Debug|Any CPU
		{93AEADA7-FD12-44F4-BBE7-A950E38BDCE8}.Release|Any CPU.ActiveCfg = Release|Any CPU
		{93AEADA7-FD12-44F4-BBE7-A950E38BDCE8}.Release|Any CPU.Build.0 = Release|Any CPU
		{93AEADA7-FD12-44F4-BBE7-A950E38BDCE8}.Release|x64.ActiveCfg = Release|Any CPU
		{93AEADA7-FD12-44F4-BBE7-A950E38BDCE8}.Release|x64.Build.0 = Release|Any CPU
		{93AEADA7-FD12-44F4-BBE7-A950E38BDCE8}.Release|x86.ActiveCfg = Release|Any CPU
		{93AEADA7-FD12-44F4-BBE7-A950E38BDCE8}.Release|x86.Build.0 = Release|Any CPU
		{86964105-05B5-4A4F-AC6F-E98219FFBA3F}.Debug|Any CPU.ActiveCfg = Debug|Any CPU
		{86964105-05B5-4A4F-AC6F-E98219FFBA3F}.Debug|Any CPU.Build.0 = Debug|Any CPU
		{86964105-05B5-4A4F-AC6F-E98219FFBA3F}.Debug|x64.ActiveCfg = Debug|Any CPU
		{86964105-05B5-4A4F-AC6F-E98219FFBA3F}.Debug|x64.Build.0 = Debug|Any CPU
		{86964105-05B5-4A4F-AC6F-E98219FFBA3F}.Debug|x86.ActiveCfg = Debug|Any CPU
		{86964105-05B5-4A4F-AC6F-E98219FFBA3F}.Debug|x86.Build.0 = Debug|Any CPU
		{86964105-05B5-4A4F-AC6F-E98219FFBA3F}.Release|Any CPU.ActiveCfg = Release|Any CPU
		{86964105-05B5-4A4F-AC6F-E98219FFBA3F}.Release|Any CPU.Build.0 = Release|Any CPU
		{86964105-05B5-4A4F-AC6F-E98219FFBA3F}.Release|x64.ActiveCfg = Release|Any CPU
		{86964105-05B5-4A4F-AC6F-E98219FFBA3F}.Release|x64.Build.0 = Release|Any CPU
		{86964105-05B5-4A4F-AC6F-E98219FFBA3F}.Release|x86.ActiveCfg = Release|Any CPU
		{86964105-05B5-4A4F-AC6F-E98219FFBA3F}.Release|x86.Build.0 = Release|Any CPU
	EndGlobalSection
	GlobalSection(SolutionProperties) = preSolution
		HideSolutionNode = FALSE
	EndGlobalSection
	GlobalSection(NestedProjects) = preSolution
		{12DEA574-1121-4EDE-AB8A-00188C07A279} = {827E0CD3-B72D-47B6-A68D-7590B98EB39B}
		{6FADB484-C1B0-4E3E-8885-4713E5F17F14} = {827E0CD3-B72D-47B6-A68D-7590B98EB39B}
		{58FD2BE5-A286-4848-8C85-D3BEDC1ADCBE} = {827E0CD3-B72D-47B6-A68D-7590B98EB39B}
		{83A94D90-A471-47E6-940B-5B6357DFE399} = {827E0CD3-B72D-47B6-A68D-7590B98EB39B}
		{01B3BBA3-9FB8-469E-AA8E-DBC5573820B8} = {0AB3BF05-4346-4AA6-1389-037BE0695223}
		{35CB4DD1-8274-447C-932E-5B797A101811} = {0AB3BF05-4346-4AA6-1389-037BE0695223}
		{DD5007DF-355F-4107-A0E4-CF311872F2E6} = {0AB3BF05-4346-4AA6-1389-037BE0695223}
		{938015D0-0597-4021-A649-755374A4CA6F} = {827E0CD3-B72D-47B6-A68D-7590B98EB39B}
		{69BE7E73-7648-460A-BC97-D5C5436AE3D0} = {0AB3BF05-4346-4AA6-1389-037BE0695223}
		{D590256F-51BF-4A03-B785-511C9F45FE5C} = {827E0CD3-B72D-47B6-A68D-7590B98EB39B}
		{ED34C019-303C-49AC-B7BA-61489FD39832} = {0AB3BF05-4346-4AA6-1389-037BE0695223}
		{33C37751-334D-4270-B687-F5960A4C4E9D} = {827E0CD3-B72D-47B6-A68D-7590B98EB39B}
		{93AEADA7-FD12-44F4-BBE7-A950E38BDCE8} = {0AB3BF05-4346-4AA6-1389-037BE0695223}
		{86964105-05B5-4A4F-AC6F-E98219FFBA3F} = {0AB3BF05-4346-4AA6-1389-037BE0695223}
	EndGlobalSection
	GlobalSection(ExtensibilityGlobals) = postSolution
		SolutionGuid = {0DF5DB11-81E8-4665-B777-F7279490DF35}
	EndGlobalSection
EndGlobal
